{
  "originHash" : "470d8ccc6d26795c3078029991383cd677a006691e7d8f2b0b3bd6950a9a7370",
  "pins" : [
    {
      "identity" : "unifiedblurhash",
      "kind" : "remoteSourceControl",
      "location" : "https://github.com/iankoex/UnifiedBlurHash",
      "state" : {
        "revision" : "39d18f3526c62e950c97090aac75d5dac1de9b21",
        "version" : "1.0.3"
      }
    }
  ],
  "version" : 3
}
